
Microsoft Visual Studio Solution File, Format Version 12.00
# Visual Studio Version 16
VisualStudioVersion = 16.0.31911.196
MinimumVisualStudioVersion = 10.0.40219.1
Project("{FAE04EC0-301F-11D3-BF4B-00C04F79EFBC}") = "ServerConfigRest_048_TaufiqFathoni", "ServerConfigRest_048_TaufiqFathoni\ServerConfigRest_048_TaufiqFathoni.csproj", "{BDCCC3D7-A16E-4598-90E3-9631580B9CAB}"
EndProject
Global
	GlobalSection(SolutionConfigurationPlatforms) = preSolution
		Debug|Any CPU = Debug|Any CPU
		Release|Any CPU = Release|Any CPU
	EndGlobalSection
	GlobalSection(ProjectConfigurationPlatforms) = postSolution
		{BDCCC3D7-A16E-4598-90E3-9631580B9CAB}.Debug|Any CPU.ActiveCfg = Debug|Any CPU
		{BDCCC3D7-A16E-4598-90E3-9631580B9CAB}.Debug|Any CPU.Build.0 = Debug|Any CPU
		{BDCCC3D7-A16E-4598-90E3-9631580B9CAB}.Release|Any CPU.ActiveCfg = Release|Any CPU
		{BDCCC3D7-A16E-4598-90E3-9631580B9CAB}.Release|Any CPU.Build.0 = Release|Any CPU
	EndGlobalSection
	GlobalSection(SolutionProperties) = preSolution
		HideSolutionNode = FALSE
	EndGlobalSection
	GlobalSection(ExtensibilityGlobals) = postSolution
		SolutionGuid = {77464957-A8EE-4921-BB51-4888F53C71D1}
	EndGlobalSection
EndGlobal
